// !$*UTF8*$!
{
	archiveVersion = 1;
	classes = {
	};
	objectVersion = 56;
	objects = {

/* Begin PBXBuildFile section */
		DB35946A2BA3AC57008E8454 /* AppDelegate.swift in Sources */ = {isa = PBXBuildFile; fileRef = DB3594692BA3AC57008E8454 /* AppDelegate.swift */; };
		DB35946C2BA3AC57008E8454 /* SceneDelegate.swift in Sources */ = {isa = PBXBuildFile; fileRef = DB35946B2BA3AC57008E8454 /* SceneDelegate.swift */; };
		DB35946E2BA3AC57008E8454 /* ViewController.swift in Sources */ = {isa = PBXBuildFile; fileRef = DB35946D2BA3AC57008E8454 /* ViewController.swift */; };
		DB3594712BA3AC57008E8454 /* Base in Resources */ = {isa = PBXBuildFile; fileRef = DB3594702BA3AC57008E8454 /* Base */; };
		DB3594732BA3AC59008E8454 /* Assets.xcassets in Resources */ = {isa = PBXBuildFile; fileRef = DB3594722BA3AC59008E8454 /* Assets.xcassets */; };
		DB3594762BA3AC59008E8454 /* Base in Resources */ = {isa = PBXBuildFile; fileRef = DB3594752BA3AC59008E8454 /* Base */; };
		DB3594812BA3AC59008E8454 /* ISpyTests.swift in Sources */ = {isa = PBXBuildFile; fileRef = DB3594802BA3AC59008E8454 /* ISpyTests.swift */; };
		DB35948B2BA3AC59008E8454 /* ISpyUITests.swift in Sources */ = {isa = PBXBuildFile; fileRef = DB35948A2BA3AC59008E8454 /* ISpyUITests.swift */; };
		DB35948D2BA3AC59008E8454 /* ISpyUITestsLaunchTests.swift in Sources */ = {isa = PBXBuildFile; fileRef = DB35948C2BA3AC59008E8454 /* ISpyUITestsLaunchTests.swift */; };
/* End PBXBuildFile section */

/* Begin PBXContainerItemProxy section */
		DB35947D2BA3AC59008E8454 /* PBXContainerItemProxy */ = {
			isa = PBXContainerItemProxy;
			containerPortal = DB35945E2BA3AC57008E8454 /* Project object */;
			proxyType = 1;
			remoteGlobalIDString = DB3594652BA3AC57008E8454;
			remoteInfo = ISpy;
		};
		DB3594872BA3AC59008E8454 /* PBXContainerItemProxy */ = {
			isa = PBXContainerItemProxy;
			containerPortal = DB35945E2BA3AC57008E8454 /* Project object */;
			proxyType = 1;
			remoteGlobalIDString = DB3594652BA3AC57008E8454;
			remoteInfo = ISpy;
		};
/* End PBXContainerItemProxy section */

/* Begin PBXFileReference section */
		DB3594662BA3AC57008E8454 /* ISpy.app */ = {isa = PBXFileReference; explicitFileType = wrapper.application; includeInIndex = 0; path = ISpy.app; sourceTree = BUILT_PRODUCTS_DIR; };
		DB3594692BA3AC57008E8454 /* AppDelegate.swift */ = {isa = PBXFileReference; lastKnownFileType = sourcecode.swift; path = AppDelegate.swift; sourceTree = "<group>"; };
		DB35946B2BA3AC57008E8454 /* SceneDelegate.swift */ = {isa = PBXFileReference; lastKnownFileType = sourcecode.swift; path = SceneDelegate.swift; sourceTree = "<group>"; };
		DB35946D2BA3AC57008E8454 /* ViewController.swift */ = {isa = PBXFileReference; lastKnownFileType = sourcecode.swift; path = ViewController.swift; sourceTree = "<group>"; };
		DB3594702BA3AC57008E8454 /* Base */ = {isa = PBXFileReference; lastKnownFileType = file.storyboard; name = Base; path = Base.lproj/Main.storyboard; sourceTree = "<group>"; };
		DB3594722BA3AC59008E8454 /* Assets.xcassets */ = {isa = PBXFileReference; lastKnownFileType = folder.assetcatalog; path = Assets.xcassets; sourceTree = "<group>"; };
		DB3594752BA3AC59008E8454 /* Base */ = {isa = PBXFileReference; lastKnownFileType = file.storyboard; name = Base; path = Base.lproj/LaunchScreen.storyboard; sourceTree = "<group>"; };
		DB3594772BA3AC59008E8454 /* Info.plist */ = {isa = PBXFileReference; lastKnownFileType = text.plist.xml; path = Info.plist; sourceTree = "<group>"; };
		DB35947C2BA3AC59008E8454 /* ISpyTests.xctest */ = {isa = PBXFileReference; explicitFileType = wrapper.cfbundle; includeInIndex = 0; path = ISpyTests.xctest; sourceTree = BUILT_PRODUCTS_DIR; };
		DB3594802BA3AC59008E8454 /* ISpyTests.swift */ = {isa = PBXFileReference; lastKnownFileType = sourcecode.swift; path = ISpyTests.swift; sourceTree = "<group>"; };
		DB3594862BA3AC59008E8454 /* ISpyUITests.xctest */ = {isa = PBXFileReference; explicitFileType = wrapper.cfbundle; includeInIndex = 0; path = ISpyUITests.xctest; sourceTree = BUILT_PRODUCTS_DIR; };
		DB35948A2BA3AC59008E8454 /* ISpyUITests.swift */ = {isa = PBXFileReference; lastKnownFileType = sourcecode.swift; path = ISpyUITests.swift; sourceTree = "<group>"; };
		DB35948C2BA3AC59008E8454 /* ISpyUITestsLaunchTests.swift */ = {isa = PBXFileReference; lastKnownFileType = sourcecode.swift; path = ISpyUITestsLaunchTests.swift; sourceTree = "<group>"; };
/* End PBXFileReference section */

/* Begin PBXFrameworksBuildPhase section */
		DB3594632BA3AC57008E8454 /* Frameworks */ = {
			isa = PBXFrameworksBuildPhase;
			buildActionMask = 2147483647;
			files = (
			);
			runOnlyForDeploymentPostprocessing = 0;
		};
		DB3594792BA3AC59008E8454 /* Frameworks */ = {
			isa = PBXFrameworksBuildPhase;
			buildActionMask = 2147483647;
			files = (
			);
			runOnlyForDeploymentPostprocessing = 0;
		};
		DB3594832BA3AC59008E8454 /* Frameworks */ = {
			isa = PBXFrameworksBuildPhase;
			buildActionMask = 2147483647;
			files = (
			);
			runOnlyForDeploymentPostprocessing = 0;
		};
/* End PBXFrameworksBuildPhase section */

/* Begin PBXGroup section */
		DB35945D2BA3AC57008E8454 = {
			isa = PBXGroup;
			children = (
				DB3594682BA3AC57008E8454 /* ISpy */,
				DB35947F2BA3AC59008E8454 /* ISpyTests */,
				DB3594892BA3AC59008E8454 /* ISpyUITests */,
				DB3594672BA3AC57008E8454 /* Products */,
			);
			sourceTree = "<group>";
		};
		DB3594672BA3AC57008E8454 /* Products */ = {
			isa = PBXGroup;
			children = (
				DB3594662BA3AC57008E8454 /* ISpy.app */,
				DB35947C2BA3AC59008E8454 /* ISpyTests.xctest */,
				DB3594862BA3AC59008E8454 /* ISpyUITests.xctest */,
			);
			name = Products;
			sourceTree = "<group>";
		};
		DB3594682BA3AC57008E8454 /* ISpy */ = {
			isa = PBXGroup;
			children = (
				DB3594692BA3AC57008E8454 /* AppDelegate.swift */,
				DB35946B2BA3AC57008E8454 /* SceneDelegate.swift */,
				DB35946D2BA3AC57008E8454 /* ViewController.swift */,
				DB35946F2BA3AC57008E8454 /* Main.storyboard */,
				DB3594722BA3AC59008E8454 /* Assets.xcassets */,
				DB3594742BA3AC59008E8454 /* LaunchScreen.storyboard */,
				DB3594772BA3AC59008E8454 /* Info.plist */,
			);
			path = ISpy;
			sourceTree = "<group>";
		};
		DB35947F2BA3AC59008E8454 /* ISpyTests */ = {
			isa = PBXGroup;
			children = (
				DB3594802BA3AC59008E8454 /* ISpyTests.swift */,
			);
			path = ISpyTests;
			sourceTree = "<group>";
		};
		DB3594892BA3AC59008E8454 /* ISpyUITests */ = {
			isa = PBXGroup;
			children = (
				DB35948A2BA3AC59008E8454 /* ISpyUITests.swift */,
				DB35948C2BA3AC59008E8454 /* ISpyUITestsLaunchTests.swift */,
			);
			path = ISpyUITests;
			sourceTree = "<group>";
		};
/* End PBXGroup section */

/* Begin PBXNativeTarget section */
		DB3594652BA3AC57008E8454 /* ISpy */ = {
			isa = PBXNativeTarget;
			buildConfigurationList = DB3594902BA3AC59008E8454 /* Build configuration list for PBXNativeTarget "ISpy" */;
			buildPhases = (
				DB3594622BA3AC57008E8454 /* Sources */,
				DB3594632BA3AC57008E8454 /* Frameworks */,
				DB3594642BA3AC57008E8454 /* Resources */,
			);
			buildRules = (
			);
			dependencies = (
			);
			name = ISpy;
			productName = ISpy;
			productReference = DB3594662BA3AC57008E8454 /* ISpy.app */;
			productType = "com.apple.product-type.application";
		};
		DB35947B2BA3AC59008E8454 /* ISpyTests */ = {
			isa = PBXNativeTarget;
			buildConfigurationList = DB3594932BA3AC59008E8454 /* Build configuration list for PBXNativeTarget "ISpyTests" */;
			buildPhases = (
				DB3594782BA3AC59008E8454 /* Sources */,
				DB3594792BA3AC59008E8454 /* Frameworks */,
				DB35947A2BA3AC59008E8454 /* Resources */,
			);
			buildRules = (
			);
			dependencies = (
				DB35947E2BA3AC59008E8454 /* PBXTargetDependency */,
			);
			name = ISpyTests;
			productName = ISpyTests;
			productReference = DB35947C2BA3AC59008E8454 /* ISpyTests.xctest */;
			productType = "com.apple.product-type.bundle.unit-test";
		};
		DB3594852BA3AC59008E8454 /* ISpyUITests */ = {
			isa = PBXNativeTarget;
			buildConfigurationList = DB3594962BA3AC59008E8454 /* Build configuration list for PBXNativeTarget "ISpyUITests" */;
			buildPhases = (
				DB3594822BA3AC59008E8454 /* Sources */,
				DB3594832BA3AC59008E8454 /* Frameworks */,
				DB3594842BA3AC59008E8454 /* Resources */,
			);
			buildRules = (
			);
			dependencies = (
				DB3594882BA3AC59008E8454 /* PBXTargetDependency */,
			);
			name = ISpyUITests;
			productName = ISpyUITests;
			productReference = DB3594862BA3AC59008E8454 /* ISpyUITests.xctest */;
			productType = "com.apple.product-type.bundle.ui-testing";
		};
/* End PBXNativeTarget section */

/* Begin PBXProject section */
		DB35945E2BA3AC57008E8454 /* Project object */ = {
			isa = PBXProject;
			attributes = {
				BuildIndependentTargetsInParallel = 1;
				LastSwiftUpdateCheck = 1530;
				LastUpgradeCheck = 1530;
				TargetAttributes = {
					DB3594652BA3AC57008E8454 = {
						CreatedOnToolsVersion = 15.3;
					};
					DB35947B2BA3AC59008E8454 = {
						CreatedOnToolsVersion = 15.3;
						TestTargetID = DB3594652BA3AC57008E8454;
					};
					DB3594852BA3AC59008E8454 = {
						CreatedOnToolsVersion = 15.3;
						TestTargetID = DB3594652BA3AC57008E8454;
					};
				};
			};
			buildConfigurationList = DB3594612BA3AC57008E8454 /* Build configuration list for PBXProject "ISpy" */;
			compatibilityVersion = "Xcode 14.0";
			developmentRegion = en;
			hasScannedForEncodings = 0;
			knownRegions = (
				en,
				Base,
			);
			mainGroup = DB35945D2BA3AC57008E8454;
			productRefGroup = DB3594672BA3AC57008E8454 /* Products */;
			projectDirPath = "";
			projectRoot = "";
			targets = (
				DB3594652BA3AC57008E8454 /* ISpy */,
				DB35947B2BA3AC59008E8454 /* ISpyTests */,
				DB3594852BA3AC59008E8454 /* ISpyUITests */,
			);
		};
/* End PBXProject section */

/* Begin PBXResourcesBuildPhase section */
		DB3594642BA3AC57008E8454 /* Resources */ = {
			isa = PBXResourcesBuildPhase;
			buildActionMask = 2147483647;
			files = (
				DB3594732BA3AC59008E8454 /* Assets.xcassets in Resources */,
				DB3594762BA3AC59008E8454 /* Base in Resources */,
				DB3594712BA3AC57008E8454 /* Base in Resources */,
			);
			runOnlyForDeploymentPostprocessing = 0;
		};
		DB35947A2BA3AC59008E8454 /* Resources */ = {
			isa = PBXResourcesBuildPhase;
			buildActionMask = 2147483647;
			files = (
			);
			runOnlyForDeploymentPostprocessing = 0;
		};
		DB3594842BA3AC59008E8454 /* Resources */ = {
			isa = PBXResourcesBuildPhase;
			buildActionMask = 2147483647;
			files = (
			);
			runOnlyForDeploymentPostprocessing = 0;
		};
/* End PBXResourcesBuildPhase section */

/* Begin PBXSourcesBuildPhase section */
		DB3594622BA3AC57008E8454 /* Sources */ = {
			isa = PBXSourcesBuildPhase;
			buildActionMask = 2147483647;
			files = (
				DB35946E2BA3AC57008E8454 /* ViewController.swift in Sources */,
				DB35946A2BA3AC57008E8454 /* AppDelegate.swift in Sources */,
				DB35946C2BA3AC57008E8454 /* SceneDelegate.swift in Sources */,
			);
			runOnlyForDeploymentPostprocessing = 0;
		};
		DB3594782BA3AC59008E8454 /* Sources */ = {
			isa = PBXSourcesBuildPhase;
			buildActionMask = 2147483647;
			files = (
				DB3594812BA3AC59008E8454 /* ISpyTests.swift in Sources */,
			);
			runOnlyForDeploymentPostprocessing = 0;
		};
		DB3594822BA3AC59008E8454 /* Sources */ = {
			isa = PBXSourcesBuildPhase;
			buildActionMask = 2147483647;
			files = (
				DB35948B2BA3AC59008E8454 /* ISpyUITests.swift in Sources */,
				DB35948D2BA3AC59008E8454 /* ISpyUITestsLaunchTests.swift in Sources */,
			);
			runOnlyForDeploymentPostprocessing = 0;
		};
/* End PBXSourcesBuildPhase section */

/* Begin PBXTargetDependency section */
		DB35947E2BA3AC59008E8454 /* PBXTargetDependency */ = {
			isa = PBXTargetDependency;
			target = DB3594652BA3AC57008E8454 /* ISpy */;
			targetProxy = DB35947D2BA3AC59008E8454 /* PBXContainerItemProxy */;
		};
		DB3594882BA3AC59008E8454 /* PBXTargetDependency */ = {
			isa = PBXTargetDependency;
			target = DB3594652BA3AC57008E8454 /* ISpy */;
			targetProxy = DB3594872BA3AC59008E8454 /* PBXContainerItemProxy */;
		};
/* End PBXTargetDependency section */

/* Begin PBXVariantGroup section */
		DB35946F2BA3AC57008E8454 /* Main.storyboard */ = {
			isa = PBXVariantGroup;
			children = (
				DB3594702BA3AC57008E8454 /* Base */,
			);
			name = Main.storyboard;
			sourceTree = "<group>";
		};
		DB3594742BA3AC59008E8454 /* LaunchScreen.storyboard */ = {
			isa = PBXVariantGroup;
			children = (
				DB3594752BA3AC59008E8454 /* Base */,
			);
			name = LaunchScreen.storyboard;
			sourceTree = "<group>";
		};
/* End PBXVariantGroup section */

/* Begin XCBuildConfiguration section */
		DB35948E2BA3AC59008E8454 /* Debug */ = {
			isa = XCBuildConfiguration;
			buildSettings = {
				ALWAYS_SEARCH_USER_PATHS = NO;
				ASSETCATALOG_COMPILER_GENERATE_SWIFT_ASSET_SYMBOL_EXTENSIONS = YES;
				CLANG_ANALYZER_NONNULL = YES;
				CLANG_ANALYZER_NUMBER_OBJECT_CONVERSION = YES_AGGRESSIVE;
				CLANG_CXX_LANGUAGE_STANDARD = "gnu++20";
				CLANG_ENABLE_MODULES = YES;
				CLANG_ENABLE_OBJC_ARC = YES;
				CLANG_ENABLE_OBJC_WEAK = YES;
				CLANG_WARN_BLOCK_CAPTURE_AUTORELEASING = YES;
				CLANG_WARN_BOOL_CONVERSION = YES;
				CLANG_WARN_COMMA = YES;
				CLANG_WARN_CONSTANT_CONVERSION = YES;
				CLANG_WARN_DEPRECATED_OBJC_IMPLEMENTATIONS = YES;
				CLANG_WARN_DIRECT_OBJC_ISA_USAGE = YES_ERROR;
				CLANG_WARN_DOCUMENTATION_COMMENTS = YES;
				CLANG_WARN_EMPTY_BODY = YES;
				CLANG_WARN_ENUM_CONVERSION = YES;
				CLANG_WARN_INFINITE_RECURSION = YES;
				CLANG_WARN_INT_CONVERSION = YES;
				CLANG_WARN_NON_LITERAL_NULL_CONVERSION = YES;
				CLANG_WARN_OBJC_IMPLICIT_RETAIN_SELF = YES;
				CLANG_WARN_OBJC_LITERAL_CONVERSION = YES;
				CLANG_WARN_OBJC_ROOT_CLASS = YES_ERROR;
				CLANG_WARN_QUOTED_INCLUDE_IN_FRAMEWORK_HEADER = YES;
				CLANG_WARN_RANGE_LOOP_ANALYSIS = YES;
				CLANG_WARN_STRICT_PROTOTYPES = YES;
				CLANG_WARN_SUSPICIOUS_MOVE = YES;
				CLANG_WARN_UNGUARDED_AVAILABILITY = YES_AGGRESSIVE;
				CLANG_WARN_UNREACHABLE_CODE = YES;
				CLANG_WARN__DUPLICATE_METHOD_MATCH = YES;
				COPY_PHASE_STRIP = NO;
				DEBUG_INFORMATION_FORMAT = dwarf;
				ENABLE_STRICT_OBJC_MSGSEND = YES;
				ENABLE_TESTABILITY = YES;
				ENABLE_USER_SCRIPT_SANDBOXING = YES;
				GCC_C_LANGUAGE_STANDARD = gnu17;
				GCC_DYNAMIC_NO_PIC = NO;
				GCC_NO_COMMON_BLOCKS = YES;
				GCC_OPTIMIZATION_LEVEL = 0;
				GCC_PREPROCESSOR_DEFINITIONS = (
					"DEBUG=1",
					"$(inherited)",
				);
				GCC_WARN_64_TO_32_BIT_CONVERSION = YES;
				GCC_WARN_ABOUT_RETURN_TYPE = YES_ERROR;
				GCC_WARN_UNDECLARED_SELECTOR = YES;
				GCC_WARN_UNINITIALIZED_AUTOS = YES_AGGRESSIVE;
				GCC_WARN_UNUSED_FUNCTION = YES;
				GCC_WARN_UNUSED_VARIABLE = YES;
				IPHONEOS_DEPLOYMENT_TARGET = 17.4;
				LOCALIZATION_PREFERS_STRING_CATALOGS = YES;
				MTL_ENABLE_DEBUG_INFO = INCLUDE_SOURCE;
				MTL_FAST_MATH = YES;
				ONLY_ACTIVE_ARCH = YES;
				SDKROOT = iphoneos;
				SWIFT_ACTIVE_COMPILATION_CONDITIONS = "DEBUG $(inherited)";
				SWIFT_OPTIMIZATION_LEVEL = "-Onone";
			};
			name = Debug;
		};
		DB35948F2BA3AC59008E8454 /* Release */ = {
			isa = XCBuildConfiguration;
			buildSettings = {
				ALWAYS_SEARCH_USER_PATHS = NO;
				ASSETCATALOG_COMPILER_GENERATE_SWIFT_ASSET_SYMBOL_EXTENSIONS = YES;
				CLANG_ANALYZER_NONNULL = YES;
				CLANG_ANALYZER_NUMBER_OBJECT_CONVERSION = YES_AGGRESSIVE;
				CLANG_CXX_LANGUAGE_STANDARD = "gnu++20";
				CLANG_ENABLE_MODULES = YES;
				CLANG_ENABLE_OBJC_ARC = YES;
				CLANG_ENABLE_OBJC_WEAK = YES;
				CLANG_WARN_BLOCK_CAPTURE_AUTORELEASING = YES;
				CLANG_WARN_BOOL_CONVERSION = YES;
				CLANG_WARN_COMMA = YES;
				CLANG_WARN_CONSTANT_CONVERSION = YES;
				CLANG_WARN_DEPRECATED_OBJC_IMPLEMENTATIONS = YES;
				CLANG_WARN_DIRECT_OBJC_ISA_USAGE = YES_ERROR;
				CLANG_WARN_DOCUMENTATION_COMMENTS = YES;
				CLANG_WARN_EMPTY_BODY = YES;
				CLANG_WARN_ENUM_CONVERSION = YES;
				CLANG_WARN_INFINITE_RECURSION = YES;
				CLANG_WARN_INT_CONVERSION = YES;
				CLANG_WARN_NON_LITERAL_NULL_CONVERSION = YES;
				CLANG_WARN_OBJC_IMPLICIT_RETAIN_SELF = YES;
				CLANG_WARN_OBJC_LITERAL_CONVERSION = YES;
				CLANG_WARN_OBJC_ROOT_CLASS = YES_ERROR;
				CLANG_WARN_QUOTED_INCLUDE_IN_FRAMEWORK_HEADER = YES;
				CLANG_WARN_RANGE_LOOP_ANALYSIS = YES;
				CLANG_WARN_STRICT_PROTOTYPES = YES;
				CLANG_WARN_SUSPICIOUS_MOVE = YES;
				CLANG_WARN_UNGUARDED_AVAILABILITY = YES_AGGRESSIVE;
				CLANG_WARN_UNREACHABLE_CODE = YES;
				CLANG_WARN__DUPLICATE_METHOD_MATCH = YES;
				COPY_PHASE_STRIP = NO;
				DEBUG_INFORMATION_FORMAT = "dwarf-with-dsym";
				ENABLE_NS_ASSERTIONS = NO;
				ENABLE_STRICT_OBJC_MSGSEND = YES;
				ENABLE_USER_SCRIPT_SANDBOXING = YES;
				GCC_C_LANGUAGE_STANDARD = gnu17;
				GCC_NO_COMMON_BLOCKS = YES;
				GCC_WARN_64_TO_32_BIT_CONVERSION = YES;
				GCC_WARN_ABOUT_RETURN_TYPE = YES_ERROR;
				GCC_WARN_UNDECLARED_SELECTOR = YES;
				GCC_WARN_UNINITIALIZED_AUTOS = YES_AGGRESSIVE;
				GCC_WARN_UNUSED_FUNCTION = YES;
				GCC_WARN_UNUSED_VARIABLE = YES;
				IPHONEOS_DEPLOYMENT_TARGET = 17.4;
				LOCALIZATION_PREFERS_STRING_CATALOGS = YES;
				MTL_ENABLE_DEBUG_INFO = NO;
				MTL_FAST_MATH = YES;
				SDKROOT = iphoneos;
				SWIFT_COMPILATION_MODE = wholemodule;
				VALIDATE_PRODUCT = YES;
			};
			name = Release;
		};
		DB3594912BA3AC59008E8454 /* Debug */ = {
			isa = XCBuildConfiguration;
			buildSettings = {
				ASSETCATALOG_COMPILER_APPICON_NAME = AppIcon;
				ASSETCATALOG_COMPILER_GLOBAL_ACCENT_COLOR_NAME = AccentColor;
				CODE_SIGN_STYLE = Automatic;
				CURRENT_PROJECT_VERSION = 1;
				DEVELOPMENT_TEAM = ZQ9LR78J46;
				GENERATE_INFOPLIST_FILE = YES;
				INFOPLIST_FILE = ISpy/Info.plist;
				INFOPLIST_KEY_UIApplicationSupportsIndirectInputEvents = YES;
				INFOPLIST_KEY_UILaunchStoryboardName = LaunchScreen;
				INFOPLIST_KEY_UIMainStoryboardFile = Main;
				INFOPLIST_KEY_UISupportedInterfaceOrientations_iPad = "UIInterfaceOrientationPortrait UIInterfaceOrientationPortraitUpsideDown UIInterfaceOrientationLandscapeLeft UIInterfaceOrientationLandscapeRight";
				INFOPLIST_KEY_UISupportedInterfaceOrientations_iPhone = "UIInterfaceOrientationPortrait UIInterfaceOrientationLandscapeLeft UIInterfaceOrientationLandscapeRight";
				LD_RUNPATH_SEARCH_PATHS = (
					"$(inherited)",
					"@executable_path/Frameworks",
				);
				MARKETING_VERSION = 1.0;
				PRODUCT_BUNDLE_IDENTIFIER = com.Cesar.ISpy;
				PRODUCT_NAME = "$(TARGET_NAME)";
				SWIFT_EMIT_LOC_STRINGS = YES;
				SWIFT_VERSION = 5.0;
				TARGETED_DEVICE_FAMILY = "1,2";
			};
			name = Debug;
		};
		DB3594922BA3AC59008E8454 /* Release */ = {
			isa = XCBuildConfiguration;
			buildSettings = {
				ASSETCATALOG_COMPILER_APPICON_NAME = AppIcon;
				ASSETCATALOG_COMPILER_GLOBAL_ACCENT_COLOR_NAME = AccentColor;
				CODE_SIGN_STYLE = Automatic;
				CURRENT_PROJECT_VERSION = 1;
				DEVELOPMENT_TEAM = ZQ9LR78J46;
				GENERATE_INFOPLIST_FILE = YES;
				INFOPLIST_FILE = ISpy/Info.plist;
				INFOPLIST_KEY_UIApplicationSupportsIndirectInputEvents = YES;
				INFOPLIST_KEY_UILaunchStoryboardName = LaunchScreen;
				INFOPLIST_KEY_UIMainStoryboardFile = Main;
				INFOPLIST_KEY_UISupportedInterfaceOrientations_iPad = "UIInterfaceOrientationPortrait UIInterfaceOrientationPortraitUpsideDown UIInterfaceOrientationLandscapeLeft UIInterfaceOrientationLandscapeRight";
				INFOPLIST_KEY_UISupportedInterfaceOrientations_iPhone = "UIInterfaceOrientationPortrait UIInterfaceOrientationLandscapeLeft UIInterfaceOrientationLandscapeRight";
				LD_RUNPATH_SEARCH_PATHS = (
					"$(inherited)",
					"@executable_path/Frameworks",
				);
				MARKETING_VERSION = 1.0;
				PRODUCT_BUNDLE_IDENTIFIER = com.Cesar.ISpy;
				PRODUCT_NAME = "$(TARGET_NAME)";
				SWIFT_EMIT_LOC_STRINGS = YES;
				SWIFT_VERSION = 5.0;
				TARGETED_DEVICE_FAMILY = "1,2";
			};
			name = Release;
		};
		DB3594942BA3AC59008E8454 /* Debug */ = {
			isa = XCBuildConfiguration;
			buildSettings = {
				ALWAYS_EMBED_SWIFT_STANDARD_LIBRARIES = YES;
				BUNDLE_LOADER = "$(TEST_HOST)";
				CODE_SIGN_STYLE = Automatic;
				CURRENT_PROJECT_VERSION = 1;
				DEVELOPMENT_TEAM = ZQ9LR78J46;
				GENERATE_INFOPLIST_FILE = YES;
				IPHONEOS_DEPLOYMENT_TARGET = 17.4;
				MARKETING_VERSION = 1.0;
				PRODUCT_BUNDLE_IDENTIFIER = com.Cesar.ISpyTests;
				PRODUCT_NAME = "$(TARGET_NAME)";
				SWIFT_EMIT_LOC_STRINGS = NO;
				SWIFT_VERSION = 5.0;
				TARGETED_DEVICE_FAMILY = "1,2";
				TEST_HOST = "$(BUILT_PRODUCTS_DIR)/ISpy.app/$(BUNDLE_EXECUTABLE_FOLDER_PATH)/ISpy";
			};
			name = Debug;
		};
		DB3594952BA3AC59008E8454 /* Release */ = {
			isa = XCBuildConfiguration;
			buildSettings = {
				ALWAYS_EMBED_SWIFT_STANDARD_LIBRARIES = YES;
				BUNDLE_LOADER = "$(TEST_HOST)";
				CODE_SIGN_STYLE = Automatic;
				CURRENT_PROJECT_VERSION = 1;
				DEVELOPMENT_TEAM = ZQ9LR78J46;
				GENERATE_INFOPLIST_FILE = YES;
				IPHONEOS_DEPLOYMENT_TARGET = 17.4;
				MARKETING_VERSION = 1.0;
				PRODUCT_BUNDLE_IDENTIFIER = com.Cesar.ISpyTests;
				PRODUCT_NAME = "$(TARGET_NAME)";
				SWIFT_EMIT_LOC_STRINGS = NO;
				SWIFT_VERSION = 5.0;
				TARGETED_DEVICE_FAMILY = "1,2";
				TEST_HOST = "$(BUILT_PRODUCTS_DIR)/ISpy.app/$(BUNDLE_EXECUTABLE_FOLDER_PATH)/ISpy";
			};
			name = Release;
		};
		DB3594972BA3AC59008E8454 /* Debug */ = {
			isa = XCBuildConfiguration;
			buildSettings = {
				ALWAYS_EMBED_SWIFT_STANDARD_LIBRARIES = YES;
				CODE_SIGN_STYLE = Automatic;
				CURRENT_PROJECT_VERSION = 1;
				DEVELOPMENT_TEAM = ZQ9LR78J46;
				GENERATE_INFOPLIST_FILE = YES;
				MARKETING_VERSION = 1.0;
				PRODUCT_BUNDLE_IDENTIFIER = com.Cesar.ISpyUITests;
				PRODUCT_NAME = "$(TARGET_NAME)";
				SWIFT_EMIT_LOC_STRINGS = NO;
				SWIFT_VERSION = 5.0;
				TARGETED_DEVICE_FAMILY = "1,2";
				TEST_TARGET_NAME = ISpy;
			};
			name = Debug;
		};
		DB3594982BA3AC59008E8454 /* Release */ = {
			isa = XCBuildConfiguration;
			buildSettings = {
				ALWAYS_EMBED_SWIFT_STANDARD_LIBRARIES = YES;
				CODE_SIGN_STYLE = Automatic;
				CURRENT_PROJECT_VERSION = 1;
				DEVELOPMENT_TEAM = ZQ9LR78J46;
				GENERATE_INFOPLIST_FILE = YES;
				MARKETING_VERSION = 1.0;
				PRODUCT_BUNDLE_IDENTIFIER = com.Cesar.ISpyUITests;
				PRODUCT_NAME = "$(TARGET_NAME)";
				SWIFT_EMIT_LOC_STRINGS = NO;
				SWIFT_VERSION = 5.0;
				TARGETED_DEVICE_FAMILY = "1,2";
				TEST_TARGET_NAME = ISpy;
			};
			name = Release;
		};
/* End XCBuildConfiguration section */

/* Begin XCConfigurationList section */
		DB3594612BA3AC57008E8454 /* Build configuration list for PBXProject "ISpy" */ = {
			isa = XCConfigurationList;
			buildConfigurations = (
				DB35948E2BA3AC59008E8454 /* Debug */,
				DB35948F2BA3AC59008E8454 /* Release */,
			);
			defaultConfigurationIsVisible = 0;
			defaultConfigurationName = Release;
		};
		DB3594902BA3AC59008E8454 /* Build configuration list for PBXNativeTarget "ISpy" */ = {
			isa = XCConfigurationList;
			buildConfigurations = (
				DB3594912BA3AC59008E8454 /* Debug */,
				DB3594922BA3AC59008E8454 /* Release */,
			);
			defaultConfigurationIsVisible = 0;
			defaultConfigurationName = Release;
		};
		DB3594932BA3AC59008E8454 /* Build configuration list for PBXNativeTarget "ISpyTests" */ = {
			isa = XCConfigurationList;
			buildConfigurations = (
				DB3594942BA3AC59008E8454 /* Debug */,
				DB3594952BA3AC59008E8454 /* Release */,
			);
			defaultConfigurationIsVisible = 0;
			defaultConfigurationName = Release;
		};
		DB3594962BA3AC59008E8454 /* Build configuration list for PBXNativeTarget "ISpyUITests" */ = {
			isa = XCConfigurationList;
			buildConfigurations = (
				DB3594972BA3AC59008E8454 /* Debug */,
				DB3594982BA3AC59008E8454 /* Release */,
			);
			defaultConfigurationIsVisible = 0;
			defaultConfigurationName = Release;
		};
/* End XCConfigurationList section */
	};
	rootObject = DB35945E2BA3AC57008E8454 /* Project object */;
}
